PODS:
  - fanhero_native_utils (0.0.1):
    - Flutter
  - Flutter (1.0.0)

DEPENDENCIES:
  - fanhero_native_utils (from `.symlinks/plugins/fanhero_native_utils/ios`)
  - Flutter (from `.symlinks/flutter/ios-release`)

EXTERNAL SOURCES:
  fanhero_native_utils:
    :path: ".symlinks/plugins/fanhero_native_utils/ios"
  Flutter:
    :path: ".symlinks/flutter/ios-release"

SPEC CHECKSUMS:
  fanhero_native_utils: 3c6c6ecb648221a73985ec23a7b0bcddc4e17eb9
  Flutter: 58dd7d1b27887414a370fcccb9e645c08ffd7a6a

PODFILE CHECKSUM: ebd43b443038e611b86ede96e613bd6033c49497

COCOAPODS: 1.6.1
